
Microsoft Visual Studio Solution File, Format Version 12.00
# Visual Studio Version 17
VisualStudioVersion = 17.5.33530.505
MinimumVisualStudioVersion = 10.0.40219.1
Project("{9A19103F-16F7-4668-BE54-9A1E7A4F7556}") = "laba2_5", "laba2_5.csproj", "{95DA5F61-3434-4EB3-9270-B90BBD2496BE}"
EndProject
Project("{FAE04EC0-301F-11D3-BF4B-00C04F79EFBC}") = "laba2_5Tests", "..\laba2_5Tests\laba2_5Tests.csproj", "{2F8D06E7-7195-4275-81F6-5DBECFC3A110}"
EndProject
Global
	GlobalSection(SolutionConfigurationPlatforms) = preSolution
		Debug|Any CPU = Debug|Any CPU
		Release|Any CPU = Release|Any CPU
	EndGlobalSection
	GlobalSection(ProjectConfigurationPlatforms) = postSolution
		{95DA5F61-3434-4EB3-9270-B90BBD2496BE}.Debug|Any CPU.ActiveCfg = Debug|Any CPU
		{95DA5F61-3434-4EB3-9270-B90BBD2496BE}.Debug|Any CPU.Build.0 = Debug|Any CPU
		{95DA5F61-3434-4EB3-9270-B90BBD2496BE}.Release|Any CPU.ActiveCfg = Release|Any CPU
		{95DA5F61-3434-4EB3-9270-B90BBD2496BE}.Release|Any CPU.Build.0 = Release|Any CPU
		{2F8D06E7-7195-4275-81F6-5DBECFC3A110}.Debug|Any CPU.ActiveCfg = Debug|Any CPU
		{2F8D06E7-7195-4275-81F6-5DBECFC3A110}.Debug|Any CPU.Build.0 = Debug|Any CPU
		{2F8D06E7-7195-4275-81F6-5DBECFC3A110}.Release|Any CPU.ActiveCfg = Release|Any CPU
		{2F8D06E7-7195-4275-81F6-5DBECFC3A110}.Release|Any CPU.Build.0 = Release|Any CPU
	EndGlobalSection
	GlobalSection(SolutionProperties) = preSolution
		HideSolutionNode = FALSE
	EndGlobalSection
	GlobalSection(ExtensibilityGlobals) = postSolution
		SolutionGuid = {C7F5E857-B024-4FDF-9F5D-D898953A4613}
	EndGlobalSection
EndGlobal
